
Microsoft Visual Studio Solution File, Format Version 12.00
# Visual Studio Version 16
VisualStudioVersion = 16.0.29503.13
MinimumVisualStudioVersion = 10.0.40219.1
Project("{9A19103F-16F7-4668-BE54-9A1E7A4F7556}") = "AlgoFB", "AlgoFB.csproj", "{CADD5C68-473B-45B3-AC84-CE14E7D6E12E}"
EndProject
Project("{9A19103F-16F7-4668-BE54-9A1E7A4F7556}") = "AlgoFB.Test", "..\AlgoFB.Test\AlgoFB.Test.csproj", "{944B83C7-6B50-4A8E-8505-26371C81550A}"
EndProject
Project("{9A19103F-16F7-4668-BE54-9A1E7A4F7556}") = "Algo2021", "..\Algo2021\Algo2021.csproj", "{43A65FED-85F0-47A2-9B6D-6E59C23FEE46}"
EndProject
Project("{9A19103F-16F7-4668-BE54-9A1E7A4F7556}") = "Algo2021.Test", "..\Algo2021.Test\Algo2021.Test.csproj", "{30E96DC9-CB83-40C4-984E-3E53A3BE7BF6}"
EndProject
Global
	GlobalSection(SolutionConfigurationPlatforms) = preSolution
		Debug|Any CPU = Debug|Any CPU
		Release|Any CPU = Release|Any CPU
	EndGlobalSection
	GlobalSection(ProjectConfigurationPlatforms) = postSolution
		{CADD5C68-473B-45B3-AC84-CE14E7D6E12E}.Debug|Any CPU.ActiveCfg = Debug|Any CPU
		{CADD5C68-473B-45B3-AC84-CE14E7D6E12E}.Debug|Any CPU.Build.0 = Debug|Any CPU
		{CADD5C68-473B-45B3-AC84-CE14E7D6E12E}.Release|Any CPU.ActiveCfg = Release|Any CPU
		{CADD5C68-473B-45B3-AC84-CE14E7D6E12E}.Release|Any CPU.Build.0 = Release|Any CPU
		{944B83C7-6B50-4A8E-8505-26371C81550A}.Debug|Any CPU.ActiveCfg = Debug|Any CPU
		{944B83C7-6B50-4A8E-8505-26371C81550A}.Debug|Any CPU.Build.0 = Debug|Any CPU
		{944B83C7-6B50-4A8E-8505-26371C81550A}.Release|Any CPU.ActiveCfg = Release|Any CPU
		{944B83C7-6B50-4A8E-8505-26371C81550A}.Release|Any CPU.Build.0 = Release|Any CPU
		{43A65FED-85F0-47A2-9B6D-6E59C23FEE46}.Debug|Any CPU.ActiveCfg = Debug|Any CPU
		{43A65FED-85F0-47A2-9B6D-6E59C23FEE46}.Debug|Any CPU.Build.0 = Debug|Any CPU
		{43A65FED-85F0-47A2-9B6D-6E59C23FEE46}.Release|Any CPU.ActiveCfg = Release|Any CPU
		{43A65FED-85F0-47A2-9B6D-6E59C23FEE46}.Release|Any CPU.Build.0 = Release|Any CPU
		{30E96DC9-CB83-40C4-984E-3E53A3BE7BF6}.Debug|Any CPU.ActiveCfg = Debug|Any CPU
		{30E96DC9-CB83-40C4-984E-3E53A3BE7BF6}.Debug|Any CPU.Build.0 = Debug|Any CPU
		{30E96DC9-CB83-40C4-984E-3E53A3BE7BF6}.Release|Any CPU.ActiveCfg = Release|Any CPU
		{30E96DC9-CB83-40C4-984E-3E53A3BE7BF6}.Release|Any CPU.Build.0 = Release|Any CPU
	EndGlobalSection
	GlobalSection(SolutionProperties) = preSolution
		HideSolutionNode = FALSE
	EndGlobalSection
	GlobalSection(ExtensibilityGlobals) = postSolution
		SolutionGuid = {757E1A83-3F02-49E3-A860-81E606C7C3E6}
	EndGlobalSection
EndGlobal
